<?xml version="1.0" encoding="utf-8"?>
<Project ToolsVersion="4.0" xmlns="http://schemas.microsoft.com/developer/msbuild/2003">
  <ItemGroup>
    <Filter Include="Source Files">
      <UniqueIdentifier>{4FC737F1-C7A5-4376-A066-2A32D752A2FF}</UniqueIdentifier>
      <Extensions>cpp;c;cc;cxx;def;odl;idl;hpj;bat;asm;asmx</Extensions>
    </Filter>
    <Filter Include="Misc Files">
      <UniqueIdentifier>{93995380-89BD-4b04-88EB-625FBE52EBFB}</UniqueIdentifier>
      <Extensions>h;hh;hpp;hxx;hm;inl;inc;xsd</Extensions>
    </Filter>
    <Filter Include="Console">
      <UniqueIdentifier>{a02c45f6-e785-4a9a-9b88-803f9be102e3}</UniqueIdentifier>
    </Filter>
    <Filter Include="Documents">
      <UniqueIdentifier>{67DA6AB6-F800-4c08-8B7A-83BB121AAD01}</UniqueIdentifier>
      <Extensions>rc;ico;cur;bmp;dlg;rc2;rct;bin;rgs;gif;jpg;jpeg;jpe;resx;tiff;tif;png;wav;mfcribbon-ms</Extensions>
    </Filter>
  </ItemGroup>
  <ItemGroup>
    <Text Include="..\..\Docs\Instruction Cycle Timings.txt">
      <Filter>Documents</Filter>
    </Text>
  </ItemGroup>
  <ItemGroup>
    <ClInclude Include="..\myAssert.h">
      <Filter>Misc Files</Filter>
    </ClInclude>
    <ClInclude Include="..\6502_Emulator.h">
      <Filter>Source Files</Filter>
    </ClInclude>
    <ClInclude Include="..\stdafx.h">
      <Filter>Misc Files</Filter>
    </ClInclude>
    <ClInclude Include="..\Types.h">
      <Filter>Misc Files</Filter>
    </ClInclude>
    <ClInclude Include="..\targetver.h">
      <Filter>Console</Filter>
    </ClInclude>
    <ClInclude Include="..\File.h">
      <Filter>Misc Files</Filter>
    </ClInclude>
    <ClInclude Include="..\BBC_Emulator.h">
      <Filter>Source Files</Filter>
    </ClInclude>
  </ItemGroup>
  <ItemGroup>
    <ClCompile Include="..\6502_OpcodeTable.cpp">
      <Filter>Source Files</Filter>
    </ClCompile>
    <ClCompile Include="..\stdafx.cpp">
      <Filter>Misc Files</Filter>
    </ClCompile>
    <ClCompile Include="TestConsole.cpp">
      <Filter>Console</Filter>
    </ClCompile>
    <ClCompile Include="..\File.cpp">
      <Filter>Misc Files</Filter>
    </ClCompile>
    <ClCompile Include="..\6502_Instructions.cpp">
      <Filter>Source Files</Filter>
    </ClCompile>
    <ClCompile Include="..\6502_Emulator.cpp">
      <Filter>Source Files</Filter>
    </ClCompile>
    <ClCompile Include="..\BBC_Emulator.cpp">
      <Filter>Source Files</Filter>
    </ClCompile>
    <ClCompile Include="..\6502_Operations.h">
      <Filter>Source Files</Filter>
    </ClCompile>
  </ItemGroup>
  <ItemGroup>
    <None Include="..\..\Docs\opcode matrix all.csv">
      <Filter>Documents</Filter>
    </None>
    <None Include="..\..\Docs\opcode matrix entries only.csv">
      <Filter>Documents</Filter>
    </None>
    <None Include="..\..\Docs\opcode matrix main.csv">
      <Filter>Documents</Filter>
    </None>
    <None Include="..\..\Docs\opcode matrix.csv">
      <Filter>Documents</Filter>
    </None>
  </ItemGroup>
</Project>