
Microsoft Visual Studio Solution File, Format Version 12.00
# Visual Studio 14
VisualStudioVersion = 14.0.25420.1
MinimumVisualStudioVersion = 10.0.40219.1
Project("{8BC9CEB8-8B4A-11D0-8D11-00A0C91BC942}") = "TestConsole", "TestConsole.vcxproj", "{DF33CFE7-3099-4AAA-AE6E-62A7C38E903C}"
EndProject
Project("{8BC9CEB8-8B4A-11D0-8D11-00A0C91BC942}") = "InteropCLR", "InteropCLR\InteropCLR.vcxproj", "{29BC193A-84C2-4430-A0D1-9B70A5E14C1A}"
EndProject
Project("{FAE04EC0-301F-11D3-BF4B-00C04F79EFBC}") = "BBCMicroDebugger", "BBCMicroDebugger\BBCMicroDebugger.csproj", "{DEEEE50E-7DC5-4B2C-B0DF-891B2BA23A99}"
EndProject
Global
	GlobalSection(SolutionConfigurationPlatforms) = preSolution
		Debug|Any CPU = Debug|Any CPU
		Debug|x64 = Debug|x64
		Debug|x86 = Debug|x86
		Release|Any CPU = Release|Any CPU
		Release|x64 = Release|x64
		Release|x86 = Release|x86
	EndGlobalSection
	GlobalSection(ProjectConfigurationPlatforms) = postSolution
		{DF33CFE7-3099-4AAA-AE6E-62A7C38E903C}.Debug|Any CPU.ActiveCfg = Debug|Win32
		{DF33CFE7-3099-4AAA-AE6E-62A7C38E903C}.Debug|x64.ActiveCfg = Debug|x64
		{DF33CFE7-3099-4AAA-AE6E-62A7C38E903C}.Debug|x64.Build.0 = Debug|x64
		{DF33CFE7-3099-4AAA-AE6E-62A7C38E903C}.Debug|x86.ActiveCfg = Debug|Win32
		{DF33CFE7-3099-4AAA-AE6E-62A7C38E903C}.Debug|x86.Build.0 = Debug|Win32
		{DF33CFE7-3099-4AAA-AE6E-62A7C38E903C}.Release|Any CPU.ActiveCfg = Release|Win32
		{DF33CFE7-3099-4AAA-AE6E-62A7C38E903C}.Release|x64.ActiveCfg = Release|x64
		{DF33CFE7-3099-4AAA-AE6E-62A7C38E903C}.Release|x64.Build.0 = Release|x64
		{DF33CFE7-3099-4AAA-AE6E-62A7C38E903C}.Release|x86.ActiveCfg = Release|Win32
		{DF33CFE7-3099-4AAA-AE6E-62A7C38E903C}.Release|x86.Build.0 = Release|Win32
		{29BC193A-84C2-4430-A0D1-9B70A5E14C1A}.Debug|Any CPU.ActiveCfg = Debug|Win32
		{29BC193A-84C2-4430-A0D1-9B70A5E14C1A}.Debug|x64.ActiveCfg = Debug|x64
		{29BC193A-84C2-4430-A0D1-9B70A5E14C1A}.Debug|x64.Build.0 = Debug|x64
		{29BC193A-84C2-4430-A0D1-9B70A5E14C1A}.Debug|x86.ActiveCfg = Debug|Win32
		{29BC193A-84C2-4430-A0D1-9B70A5E14C1A}.Debug|x86.Build.0 = Debug|Win32
		{29BC193A-84C2-4430-A0D1-9B70A5E14C1A}.Release|Any CPU.ActiveCfg = Release|Win32
		{29BC193A-84C2-4430-A0D1-9B70A5E14C1A}.Release|x64.ActiveCfg = Release|x64
		{29BC193A-84C2-4430-A0D1-9B70A5E14C1A}.Release|x64.Build.0 = Release|x64
		{29BC193A-84C2-4430-A0D1-9B70A5E14C1A}.Release|x86.ActiveCfg = Release|Win32
		{29BC193A-84C2-4430-A0D1-9B70A5E14C1A}.Release|x86.Build.0 = Release|Win32
		{DEEEE50E-7DC5-4B2C-B0DF-891B2BA23A99}.Debug|Any CPU.ActiveCfg = Debug|Any CPU
		{DEEEE50E-7DC5-4B2C-B0DF-891B2BA23A99}.Debug|Any CPU.Build.0 = Debug|Any CPU
		{DEEEE50E-7DC5-4B2C-B0DF-891B2BA23A99}.Debug|x64.ActiveCfg = Debug|Any CPU
		{DEEEE50E-7DC5-4B2C-B0DF-891B2BA23A99}.Debug|x64.Build.0 = Debug|Any CPU
		{DEEEE50E-7DC5-4B2C-B0DF-891B2BA23A99}.Debug|x86.ActiveCfg = Debug|Any CPU
		{DEEEE50E-7DC5-4B2C-B0DF-891B2BA23A99}.Debug|x86.Build.0 = Debug|Any CPU
		{DEEEE50E-7DC5-4B2C-B0DF-891B2BA23A99}.Release|Any CPU.ActiveCfg = Release|Any CPU
		{DEEEE50E-7DC5-4B2C-B0DF-891B2BA23A99}.Release|Any CPU.Build.0 = Release|Any CPU
		{DEEEE50E-7DC5-4B2C-B0DF-891B2BA23A99}.Release|x64.ActiveCfg = Release|Any CPU
		{DEEEE50E-7DC5-4B2C-B0DF-891B2BA23A99}.Release|x64.Build.0 = Release|Any CPU
		{DEEEE50E-7DC5-4B2C-B0DF-891B2BA23A99}.Release|x86.ActiveCfg = Release|Any CPU
		{DEEEE50E-7DC5-4B2C-B0DF-891B2BA23A99}.Release|x86.Build.0 = Release|Any CPU
	EndGlobalSection
	GlobalSection(SolutionProperties) = preSolution
		HideSolutionNode = FALSE
	EndGlobalSection
EndGlobal
