<?xml version="1.0" encoding="utf-8"?>
<Project ToolsVersion="4.0" xmlns="http://schemas.microsoft.com/developer/msbuild/2003">
  <ItemGroup>
    <Filter Include="Source Files">
      <UniqueIdentifier>{4FC737F1-C7A5-4376-A066-2A32D752A2FF}</UniqueIdentifier>
      <Extensions>cpp;c;cc;cxx;def;odl;idl;hpj;bat;asm;asmx</Extensions>
    </Filter>
    <Filter Include="Resource Files">
      <UniqueIdentifier>{67DA6AB6-F800-4c08-8B7A-83BB121AAD01}</UniqueIdentifier>
      <Extensions>rc;ico;cur;bmp;dlg;rc2;rct;bin;rgs;gif;jpg;jpeg;jpe;resx;tiff;tif;png;wav;mfcribbon-ms</Extensions>
    </Filter>
    <Filter Include="Emulator">
      <UniqueIdentifier>{303b6741-5fe4-4eb4-8ccc-b0baf06a7f26}</UniqueIdentifier>
    </Filter>
    <Filter Include="Emulator\Source">
      <UniqueIdentifier>{f30e3ef4-14db-43aa-bafb-2f5f8da66d5e}</UniqueIdentifier>
    </Filter>
    <Filter Include="Emulator\Headers">
      <UniqueIdentifier>{c655ae9e-ccf6-4913-a2f1-4c65f26a5919}</UniqueIdentifier>
    </Filter>
    <Filter Include="Framework">
      <UniqueIdentifier>{3aa0499c-5eee-4eae-a5d2-ffcd00523b76}</UniqueIdentifier>
    </Filter>
    <Filter Include="Windows">
      <UniqueIdentifier>{c7231825-16e2-4060-b91b-d1ff3c5c2ffd}</UniqueIdentifier>
    </Filter>
    <Filter Include="DirectX">
      <UniqueIdentifier>{42601df7-f0a6-4d63-9868-e51dc53f292c}</UniqueIdentifier>
    </Filter>
  </ItemGroup>
  <ItemGroup>
    <ClInclude Include="6502_CPU.h">
      <Filter>Emulator\Headers</Filter>
    </ClInclude>
    <ClInclude Include="6502_Memory.h">
      <Filter>Emulator\Headers</Filter>
    </ClInclude>
    <ClInclude Include="6502_OpcodeTable.h">
      <Filter>Emulator\Headers</Filter>
    </ClInclude>
    <ClInclude Include="6522_VIA.h">
      <Filter>Emulator\Headers</Filter>
    </ClInclude>
    <ClInclude Include="BBC_Emulator.h">
      <Filter>Emulator\Headers</Filter>
    </ClInclude>
    <ClInclude Include="MiscUtils.h">
      <Filter>Emulator\Headers</Filter>
    </ClInclude>
    <ClInclude Include="SAA5050.h">
      <Filter>Emulator\Headers</Filter>
    </ClInclude>
    <ClInclude Include="SHEILA.h">
      <Filter>Emulator\Headers</Filter>
    </ClInclude>
    <ClInclude Include="TeletextFont.h">
      <Filter>Emulator\Headers</Filter>
    </ClInclude>
    <ClInclude Include="VideoULA.h">
      <Filter>Emulator\Headers</Filter>
    </ClInclude>
    <ClInclude Include="6845_CRTC.h">
      <Filter>Emulator\Source</Filter>
    </ClInclude>
    <ClInclude Include="6522_VIA_Ports.h">
      <Filter>Emulator\Headers</Filter>
    </ClInclude>
    <ClInclude Include="SystemClock.h">
      <Filter>Emulator\Headers</Filter>
    </ClInclude>
    <ClInclude Include="6522_VIA_System.h">
      <Filter>Emulator\Headers</Filter>
    </ClInclude>
    <ClInclude Include="BBC_Keyboard.h">
      <Filter>Emulator\Headers</Filter>
    </ClInclude>
    <ClInclude Include="LS161_PagedRomController.h">
      <Filter>Emulator\Headers</Filter>
    </ClInclude>
    <ClInclude Include="IBM3740_FloppyDisk.h">
      <Filter>Emulator\Headers</Filter>
    </ClInclude>
    <ClInclude Include="I8271_FDC.h">
      <Filter>Emulator\Headers</Filter>
    </ClInclude>
    <ClInclude Include="TI_76489.h">
      <Filter>Emulator\Headers</Filter>
    </ClInclude>
    <ClInclude Include="6502_Disassembler.h">
      <Filter>Emulator\Headers</Filter>
    </ClInclude>
    <ClInclude Include="DirectX.h">
      <Filter>DirectX</Filter>
    </ClInclude>
    <ClInclude Include="SDKwavefile.h">
      <Filter>DirectX</Filter>
    </ClInclude>
    <ClInclude Include="XAudio2.h">
      <Filter>DirectX</Filter>
    </ClInclude>
    <ClInclude Include="File.h">
      <Filter>Framework</Filter>
    </ClInclude>
    <ClInclude Include="MyAssert.h">
      <Filter>Framework</Filter>
    </ClInclude>
    <ClInclude Include="Types.h">
      <Filter>Framework</Filter>
    </ClInclude>
    <ClInclude Include="targetver.h">
      <Filter>Windows</Filter>
    </ClInclude>
    <ClInclude Include="Win32.h">
      <Filter>Windows</Filter>
    </ClInclude>
    <ClInclude Include="Resource.h">
      <Filter>Windows</Filter>
    </ClInclude>
    <ClInclude Include="stdafx.h">
      <Filter>Framework</Filter>
    </ClInclude>
    <ClInclude Include="DebugServer.h">
      <Filter>Emulator\Headers</Filter>
    </ClInclude>
  </ItemGroup>
  <ItemGroup>
    <ClCompile Include="6502_CPU.cpp">
      <Filter>Emulator\Source</Filter>
    </ClCompile>
    <ClCompile Include="6502_Instructions.cpp">
      <Filter>Emulator\Source</Filter>
    </ClCompile>
    <ClCompile Include="6502_Memory.cpp">
      <Filter>Emulator\Source</Filter>
    </ClCompile>
    <ClCompile Include="6502_OpcodeTable.cpp">
      <Filter>Emulator\Source</Filter>
    </ClCompile>
    <ClCompile Include="6522_VIA.cpp">
      <Filter>Emulator\Source</Filter>
    </ClCompile>
    <ClCompile Include="6845_CRTC.cpp">
      <Filter>Emulator\Source</Filter>
    </ClCompile>
    <ClCompile Include="BBC_Emulator.cpp">
      <Filter>Emulator\Source</Filter>
    </ClCompile>
    <ClCompile Include="MiscUtils.cpp">
      <Filter>Emulator\Source</Filter>
    </ClCompile>
    <ClCompile Include="SAA5050.cpp">
      <Filter>Emulator\Source</Filter>
    </ClCompile>
    <ClCompile Include="SHEILA.cpp">
      <Filter>Emulator\Source</Filter>
    </ClCompile>
    <ClCompile Include="VideoULA.cpp">
      <Filter>Emulator\Source</Filter>
    </ClCompile>
    <ClCompile Include="6522_VIA_Ports.cpp">
      <Filter>Emulator\Source</Filter>
    </ClCompile>
    <ClCompile Include="6522_VIA_System.cpp">
      <Filter>Emulator\Source</Filter>
    </ClCompile>
    <ClCompile Include="BBC_Keyboard.cpp">
      <Filter>Emulator\Source</Filter>
    </ClCompile>
    <ClCompile Include="LS161_PagedRomController.cpp">
      <Filter>Emulator\Source</Filter>
    </ClCompile>
    <ClCompile Include="IBM3740_FloppyDisk.cpp">
      <Filter>Emulator\Source</Filter>
    </ClCompile>
    <ClCompile Include="TI_76489.cpp">
      <Filter>Emulator\Source</Filter>
    </ClCompile>
    <ClCompile Include="I8271_FDC.cpp">
      <Filter>Emulator\Source</Filter>
    </ClCompile>
    <ClCompile Include="6502_Disassembler.cpp">
      <Filter>Emulator\Source</Filter>
    </ClCompile>
    <ClCompile Include="DirectX.cpp">
      <Filter>DirectX</Filter>
    </ClCompile>
    <ClCompile Include="SDKwavefile.cpp">
      <Filter>DirectX</Filter>
    </ClCompile>
    <ClCompile Include="XAudio2.cpp">
      <Filter>DirectX</Filter>
    </ClCompile>
    <ClCompile Include="File.cpp">
      <Filter>Framework</Filter>
    </ClCompile>
    <ClCompile Include="Win32.cpp">
      <Filter>Windows</Filter>
    </ClCompile>
    <ClCompile Include="DisassemblyWindow.cpp">
      <Filter>Windows</Filter>
    </ClCompile>
    <ClCompile Include="stdafx.cpp">
      <Filter>Framework</Filter>
    </ClCompile>
    <ClCompile Include="DebugServer.cpp">
      <Filter>Emulator\Source</Filter>
    </ClCompile>
  </ItemGroup>
  <ItemGroup>
    <ResourceCompile Include="BBC_Emulator.rc">
      <Filter>Resource Files</Filter>
    </ResourceCompile>
  </ItemGroup>
  <ItemGroup>
    <Image Include="small.ico">
      <Filter>Resource Files</Filter>
    </Image>
    <Image Include="BBC_Emulator.ico">
      <Filter>Resource Files</Filter>
    </Image>
  </ItemGroup>
  <ItemGroup>
    <None Include="Display.fx">
      <Filter>DirectX</Filter>
    </None>
  </ItemGroup>
</Project>