<?xml version="1.0" encoding="utf-8"?>
<Project ToolsVersion="4.0" xmlns="http://schemas.microsoft.com/developer/msbuild/2003">
  <ItemGroup>
    <Filter Include="Source Files">
      <UniqueIdentifier>{4FC737F1-C7A5-4376-A066-2A32D752A2FF}</UniqueIdentifier>
      <Extensions>cpp;c;cc;cxx;def;odl;idl;hpj;bat;asm;asmx</Extensions>
    </Filter>
    <Filter Include="Header Files">
      <UniqueIdentifier>{93995380-89BD-4b04-88EB-625FBE52EBFB}</UniqueIdentifier>
      <Extensions>h;hh;hpp;hxx;hm;inl;inc;xsd</Extensions>
    </Filter>
    <Filter Include="Resource Files">
      <UniqueIdentifier>{67DA6AB6-F800-4c08-8B7A-83BB121AAD01}</UniqueIdentifier>
      <Extensions>rc;ico;cur;bmp;dlg;rc2;rct;bin;rgs;gif;jpg;jpeg;jpe;resx;tiff;tif;png;wav;mfcribbon-ms</Extensions>
    </Filter>
    <Filter Include="Emulator">
      <UniqueIdentifier>{303b6741-5fe4-4eb4-8ccc-b0baf06a7f26}</UniqueIdentifier>
    </Filter>
    <Filter Include="Emulator\Source">
      <UniqueIdentifier>{f30e3ef4-14db-43aa-bafb-2f5f8da66d5e}</UniqueIdentifier>
    </Filter>
    <Filter Include="Emulator\Headers">
      <UniqueIdentifier>{c655ae9e-ccf6-4913-a2f1-4c65f26a5919}</UniqueIdentifier>
    </Filter>
  </ItemGroup>
  <ItemGroup>
    <ClInclude Include="stdafx.h">
      <Filter>Header Files</Filter>
    </ClInclude>
    <ClInclude Include="targetver.h">
      <Filter>Header Files</Filter>
    </ClInclude>
    <ClInclude Include="Resource.h">
      <Filter>Header Files</Filter>
    </ClInclude>
    <ClInclude Include="Win32.h">
      <Filter>Header Files</Filter>
    </ClInclude>
    <ClInclude Include="Types.h">
      <Filter>Header Files</Filter>
    </ClInclude>
    <ClInclude Include="File.h">
      <Filter>Header Files</Filter>
    </ClInclude>
    <ClInclude Include="DirectX.h">
      <Filter>Header Files</Filter>
    </ClInclude>
    <ClInclude Include="MyAssert.h">
      <Filter>Header Files</Filter>
    </ClInclude>
    <ClInclude Include="6502_CPU.h">
      <Filter>Emulator\Headers</Filter>
    </ClInclude>
    <ClInclude Include="6502_Memory.h">
      <Filter>Emulator\Headers</Filter>
    </ClInclude>
    <ClInclude Include="6502_OpcodeTable.h">
      <Filter>Emulator\Headers</Filter>
    </ClInclude>
    <ClInclude Include="6522_VIA.h">
      <Filter>Emulator\Headers</Filter>
    </ClInclude>
    <ClInclude Include="BBC_Emulator.h">
      <Filter>Emulator\Headers</Filter>
    </ClInclude>
    <ClInclude Include="MiscUtils.h">
      <Filter>Emulator\Headers</Filter>
    </ClInclude>
    <ClInclude Include="SAA5050.h">
      <Filter>Emulator\Headers</Filter>
    </ClInclude>
    <ClInclude Include="SHEILA.h">
      <Filter>Emulator\Headers</Filter>
    </ClInclude>
    <ClInclude Include="TeletextFont.h">
      <Filter>Emulator\Headers</Filter>
    </ClInclude>
    <ClInclude Include="VideoULA.h">
      <Filter>Emulator\Headers</Filter>
    </ClInclude>
    <ClInclude Include="6845_CRTC.h">
      <Filter>Emulator\Source</Filter>
    </ClInclude>
    <ClInclude Include="6522_VIA_Ports.h">
      <Filter>Emulator\Headers</Filter>
    </ClInclude>
    <ClInclude Include="SystemClock.h">
      <Filter>Emulator\Headers</Filter>
    </ClInclude>
    <ClInclude Include="6522_VIA_System.h">
      <Filter>Emulator\Headers</Filter>
    </ClInclude>
    <ClInclude Include="BBC_Keyboard.h">
      <Filter>Emulator\Headers</Filter>
    </ClInclude>
    <ClInclude Include="LS161_PagedRomController.h">
      <Filter>Emulator\Headers</Filter>
    </ClInclude>
    <ClInclude Include="8271_FDC.h">
      <Filter>Emulator\Headers</Filter>
    </ClInclude>
  </ItemGroup>
  <ItemGroup>
    <ClCompile Include="stdafx.cpp">
      <Filter>Source Files</Filter>
    </ClCompile>
    <ClCompile Include="File.cpp">
      <Filter>Source Files</Filter>
    </ClCompile>
    <ClCompile Include="Win32.cpp">
      <Filter>Source Files</Filter>
    </ClCompile>
    <ClCompile Include="DirectX.cpp">
      <Filter>Source Files</Filter>
    </ClCompile>
    <ClCompile Include="6502_CPU.cpp">
      <Filter>Emulator\Source</Filter>
    </ClCompile>
    <ClCompile Include="6502_Instructions.cpp">
      <Filter>Emulator\Source</Filter>
    </ClCompile>
    <ClCompile Include="6502_Memory.cpp">
      <Filter>Emulator\Source</Filter>
    </ClCompile>
    <ClCompile Include="6502_OpcodeTable.cpp">
      <Filter>Emulator\Source</Filter>
    </ClCompile>
    <ClCompile Include="6522_VIA.cpp">
      <Filter>Emulator\Source</Filter>
    </ClCompile>
    <ClCompile Include="6845_CRTC.cpp">
      <Filter>Emulator\Source</Filter>
    </ClCompile>
    <ClCompile Include="BBC_Emulator.cpp">
      <Filter>Emulator\Source</Filter>
    </ClCompile>
    <ClCompile Include="MiscUtils.cpp">
      <Filter>Emulator\Source</Filter>
    </ClCompile>
    <ClCompile Include="SAA5050.cpp">
      <Filter>Emulator\Source</Filter>
    </ClCompile>
    <ClCompile Include="SHEILA.cpp">
      <Filter>Emulator\Source</Filter>
    </ClCompile>
    <ClCompile Include="VideoULA.cpp">
      <Filter>Emulator\Source</Filter>
    </ClCompile>
    <ClCompile Include="6522_VIA_Ports.cpp">
      <Filter>Emulator\Source</Filter>
    </ClCompile>
    <ClCompile Include="6522_VIA_System.cpp">
      <Filter>Emulator\Source</Filter>
    </ClCompile>
    <ClCompile Include="BBC_Keyboard.cpp">
      <Filter>Emulator\Source</Filter>
    </ClCompile>
    <ClCompile Include="LS161_PagedRomController.cpp">
      <Filter>Emulator\Source</Filter>
    </ClCompile>
    <ClCompile Include="8271_FDC.cpp">
      <Filter>Emulator\Source</Filter>
    </ClCompile>
  </ItemGroup>
  <ItemGroup>
    <ResourceCompile Include="BBC_Emulator.rc">
      <Filter>Resource Files</Filter>
    </ResourceCompile>
  </ItemGroup>
  <ItemGroup>
    <Image Include="small.ico">
      <Filter>Resource Files</Filter>
    </Image>
    <Image Include="BBC_Emulator.ico">
      <Filter>Resource Files</Filter>
    </Image>
  </ItemGroup>
  <ItemGroup>
    <None Include="Display.fx">
      <Filter>Source Files</Filter>
    </None>
  </ItemGroup>
</Project>